# THIS IS AN AUTOGENERATED FILE. DO NOT EDIT THIS FILE DIRECTLY.
# yarn lockfile v1


"@types/node@^18.7.22":
  version "18.7.22"
  resolved "https://registry.yarnpkg.com/@types/node/-/node-18.7.22.tgz#76f7401362ad63d9d7eefa7dcdfa5fcd9baddff3"
  integrity sha512-TsmoXYd4zrkkKjJB0URF/mTIKPl+kVcbqClB2F/ykU7vil1BfWZVndOnpEIozPv4fURD28gyPFeIkW2G+KXOvw==

chalk@^5.0.1:
  version "5.0.1"
  resolved "https://registry.yarnpkg.com/chalk/-/chalk-5.0.1.tgz#ca57d71e82bb534a296df63bbacc4a1c22b2a4b6"
  integrity sha512-Fo07WOYGqMfCWHOzSXOt2CxDbC6skS/jO9ynEcmpANMoPrD+W1r1K6Vx7iNm+AQmETU1Xr2t+n8nzkV9t6xh3w==
